// !$*UTF8*$!
{
	archiveVersion = 1;
	classes = {
	};
	objectVersion = 46;
	objects = {

/* Begin PBXBuildFile section */
		502FD1A666E423236D86CC7A /* libPods-BaiSiBuDeJie.a in Frameworks */ = {isa = PBXBuildFile; fileRef = 4E103009AD7820AC5A3120EA /* libPods-BaiSiBuDeJie.a */; };
		B3094E201CDF2D48000876C7 /* JSTopicVoiceView.m in Sources */ = {isa = PBXBuildFile; fileRef = B3094E1F1CDF2D48000876C7 /* JSTopicVoiceView.m */; };
		B3094E221CDF2D67000876C7 /* JSTopicVoiceView.xib in Resources */ = {isa = PBXBuildFile; fileRef = B3094E211CDF2D67000876C7 /* JSTopicVoiceView.xib */; };
		B3094E251CDF5DB6000876C7 /* JSTopicVideoView.m in Sources */ = {isa = PBXBuildFile; fileRef = B3094E241CDF5DB6000876C7 /* JSTopicVideoView.m */; };
		B3094E271CDF5E88000876C7 /* JSTopicVideoView.xib in Resources */ = {isa = PBXBuildFile; fileRef = B3094E261CDF5E88000876C7 /* JSTopicVideoView.xib */; };
		B31FEDE01C7C59DE00AEB98E /* JSEssenceViewController.m in Sources */ = {isa = PBXBuildFile; fileRef = B31FEDB21C7C59DE00AEB98E /* JSEssenceViewController.m */; };
		B31FEDE11C7C59DE00AEB98E /* JSFriendTrendsViewController.m in Sources */ = {isa = PBXBuildFile; fileRef = B31FEDB81C7C59DE00AEB98E /* JSFriendTrendsViewController.m */; };
		B31FEDE21C7C59DE00AEB98E /* JSFriendTrendsViewController.xib in Resources */ = {isa = PBXBuildFile; fileRef = B31FEDB91C7C59DE00AEB98E /* JSFriendTrendsViewController.xib */; };
		B31FEDE31C7C59DE00AEB98E /* JSMeViewController.m in Sources */ = {isa = PBXBuildFile; fileRef = B31FEDBF1C7C59DE00AEB98E /* JSMeViewController.m */; };
		B31FEDE41C7C59DE00AEB98E /* JSNewViewController.m in Sources */ = {isa = PBXBuildFile; fileRef = B31FEDC51C7C59DE00AEB98E /* JSNewViewController.m */; };
		B31FEDE51C7C59DE00AEB98E /* AppDelegate.m in Sources */ = {isa = PBXBuildFile; fileRef = B31FEDCA1C7C59DE00AEB98E /* AppDelegate.m */; };
		B31FEDE61C7C59DE00AEB98E /* UIBarButtonItem+JSExtension.m in Sources */ = {isa = PBXBuildFile; fileRef = B31FEDCD1C7C59DE00AEB98E /* UIBarButtonItem+JSExtension.m */; };
		B31FEDE71C7C59DE00AEB98E /* UIView+JSExtension.m in Sources */ = {isa = PBXBuildFile; fileRef = B31FEDCF1C7C59DE00AEB98E /* UIView+JSExtension.m */; };
		B31FEDF31C7C753200AEB98E /* JSRecommendViewController.m in Sources */ = {isa = PBXBuildFile; fileRef = B31FEDF11C7C753200AEB98E /* JSRecommendViewController.m */; };
		B31FEDF41C7C753200AEB98E /* JSRecommendViewController.xib in Resources */ = {isa = PBXBuildFile; fileRef = B31FEDF21C7C753200AEB98E /* JSRecommendViewController.xib */; };
		B31FEDFA1C7C824700AEB98E /* Log+Foundation.m in Sources */ = {isa = PBXBuildFile; fileRef = B31FEDF91C7C824700AEB98E /* Log+Foundation.m */; };
		B31FEDFD1C7C90A000AEB98E /* JSRecommendCategory.m in Sources */ = {isa = PBXBuildFile; fileRef = B31FEDFC1C7C90A000AEB98E /* JSRecommendCategory.m */; };
		B31FEE011C7C92CC00AEB98E /* JSRecommendCategoryCell.m in Sources */ = {isa = PBXBuildFile; fileRef = B31FEDFF1C7C92CC00AEB98E /* JSRecommendCategoryCell.m */; };
		B31FEE021C7C92CC00AEB98E /* JSRecommendCategoryCell.xib in Resources */ = {isa = PBXBuildFile; fileRef = B31FEE001C7C92CC00AEB98E /* JSRecommendCategoryCell.xib */; };
		B31FEE061C7D8DE400AEB98E /* JSRecommendUserCell.m in Sources */ = {isa = PBXBuildFile; fileRef = B31FEE041C7D8DE400AEB98E /* JSRecommendUserCell.m */; };
		B31FEE071C7D8DE400AEB98E /* JSRecommendUserCell.xib in Resources */ = {isa = PBXBuildFile; fileRef = B31FEE051C7D8DE400AEB98E /* JSRecommendUserCell.xib */; };
		B31FEE0A1C7D94F200AEB98E /* JSRecommendUser.m in Sources */ = {isa = PBXBuildFile; fileRef = B31FEE091C7D94F200AEB98E /* JSRecommendUser.m */; };
		B31FF03D1C87028F00AEB98E /* JSRecommendTagsViewController.m in Sources */ = {isa = PBXBuildFile; fileRef = B31FF03C1C87028F00AEB98E /* JSRecommendTagsViewController.m */; };
		B31FF0401C87047D00AEB98E /* JSRecommendTag.m in Sources */ = {isa = PBXBuildFile; fileRef = B31FF03F1C87047D00AEB98E /* JSRecommendTag.m */; };
		B31FF0471C8705F700AEB98E /* JSRecommendTagCell.m in Sources */ = {isa = PBXBuildFile; fileRef = B31FF0451C8705F700AEB98E /* JSRecommendTagCell.m */; };
		B31FF0481C8705F700AEB98E /* JSRecommendTagCell.xib in Resources */ = {isa = PBXBuildFile; fileRef = B31FF0461C8705F700AEB98E /* JSRecommendTagCell.xib */; };
		B32E71FB1CF2E2B600007EF0 /* JSCommentHeaderView.m in Sources */ = {isa = PBXBuildFile; fileRef = B32E71FA1CF2E2B600007EF0 /* JSCommentHeaderView.m */; };
		B32E71FF1CF2F7FB00007EF0 /* JSCommentCell.m in Sources */ = {isa = PBXBuildFile; fileRef = B32E71FD1CF2F7FB00007EF0 /* JSCommentCell.m */; };
		B32E72001CF2F7FB00007EF0 /* JSCommentCell.xib in Resources */ = {isa = PBXBuildFile; fileRef = B32E71FE1CF2F7FB00007EF0 /* JSCommentCell.xib */; };
		B334115A1C8D416000067002 /* JSLoginRegisterViewController.m in Sources */ = {isa = PBXBuildFile; fileRef = B33411581C8D416000067002 /* JSLoginRegisterViewController.m */; };
		B334115B1C8D416000067002 /* JSLoginRegisterViewController.xib in Resources */ = {isa = PBXBuildFile; fileRef = B33411591C8D416000067002 /* JSLoginRegisterViewController.xib */; };
		B334115E1C8D904400067002 /* JSVerticalButton.m in Sources */ = {isa = PBXBuildFile; fileRef = B334115D1C8D904400067002 /* JSVerticalButton.m */; };
		B33411601C8D91F600067002 /* Assets.xcassets in Resources */ = {isa = PBXBuildFile; fileRef = B334115F1C8D91F600067002 /* Assets.xcassets */; };
		B33411631C8DA87900067002 /* JSTextField.m in Sources */ = {isa = PBXBuildFile; fileRef = B33411621C8DA87900067002 /* JSTextField.m */; };
		B334117E1C911B1800067002 /* JSTopic.m in Sources */ = {isa = PBXBuildFile; fileRef = B334117D1C911B1800067002 /* JSTopic.m */; };
		B33411811C92E0EE00067002 /* JSConstant.m in Sources */ = {isa = PBXBuildFile; fileRef = B33411801C92E0EE00067002 /* JSConstant.m */; };
		B33411881C92E5AE00067002 /* JSTopicCell.m in Sources */ = {isa = PBXBuildFile; fileRef = B33411861C92E5AE00067002 /* JSTopicCell.m */; };
		B33411891C92E5AE00067002 /* JSTopicCell.xib in Resources */ = {isa = PBXBuildFile; fileRef = B33411871C92E5AE00067002 /* JSTopicCell.xib */; };
		B334118C1C9415D900067002 /* NSDate+JSExtension.m in Sources */ = {isa = PBXBuildFile; fileRef = B334118B1C9415D900067002 /* NSDate+JSExtension.m */; };
		B334118F1C950A7800067002 /* JSTopicViewController.m in Sources */ = {isa = PBXBuildFile; fileRef = B334118E1C950A7800067002 /* JSTopicViewController.m */; };
		B33411921C965CF600067002 /* JSTopicPictureView.m in Sources */ = {isa = PBXBuildFile; fileRef = B33411911C965CF600067002 /* JSTopicPictureView.m */; };
		B33411941C965D2300067002 /* JSTopicPictureView.xib in Resources */ = {isa = PBXBuildFile; fileRef = B33411931C965D2300067002 /* JSTopicPictureView.xib */; };
		B33411981C9706C100067002 /* JSShowPictureViewController.m in Sources */ = {isa = PBXBuildFile; fileRef = B33411961C9706C100067002 /* JSShowPictureViewController.m */; };
		B33411991C9706C100067002 /* JSShowPictureViewController.xib in Resources */ = {isa = PBXBuildFile; fileRef = B33411971C9706C100067002 /* JSShowPictureViewController.xib */; };
		B334119C1C979C8200067002 /* JSProgressView.m in Sources */ = {isa = PBXBuildFile; fileRef = B334119B1C979C8200067002 /* JSProgressView.m */; };
		B33411DE1C999B5500067002 /* JSTabBar.m in Sources */ = {isa = PBXBuildFile; fileRef = B33411DD1C999B5500067002 /* JSTabBar.m */; };
		B33411E21C999B7500067002 /* JSPushGuideView.m in Sources */ = {isa = PBXBuildFile; fileRef = B33411E01C999B7500067002 /* JSPushGuideView.m */; };
		B33411E31C999B7500067002 /* JSPushGuideView.xib in Resources */ = {isa = PBXBuildFile; fileRef = B33411E11C999B7500067002 /* JSPushGuideView.xib */; };
		B33411E71C999BBA00067002 /* JSPublishView.m in Sources */ = {isa = PBXBuildFile; fileRef = B33411E51C999BBA00067002 /* JSPublishView.m */; };
		B33411E81C999BBA00067002 /* JSPublishView.xib in Resources */ = {isa = PBXBuildFile; fileRef = B33411E61C999BBA00067002 /* JSPublishView.xib */; };
		B33411EB1C999CFF00067002 /* JSNavigationController.m in Sources */ = {isa = PBXBuildFile; fileRef = B33411EA1C999CFF00067002 /* JSNavigationController.m */; };
		B33411EE1C999D1800067002 /* JSTabBarController.m in Sources */ = {isa = PBXBuildFile; fileRef = B33411ED1C999D1800067002 /* JSTabBarController.m */; };
		B34DF43C1CDF783100F90919 /* JSUser.m in Sources */ = {isa = PBXBuildFile; fileRef = B34DF43B1CDF783100F90919 /* JSUser.m */; };
		B34DF43F1CDF80F700F90919 /* JSComment.m in Sources */ = {isa = PBXBuildFile; fileRef = B34DF43E1CDF80F700F90919 /* JSComment.m */; };
		B35624051C78237D00D4D8C7 /* main.m in Sources */ = {isa = PBXBuildFile; fileRef = B35624041C78237D00D4D8C7 /* main.m */; };
		B356241E1C78237D00D4D8C7 /* BaiSiBuDeJieTests.m in Sources */ = {isa = PBXBuildFile; fileRef = B356241D1C78237D00D4D8C7 /* BaiSiBuDeJieTests.m */; };
		B35624291C78237D00D4D8C7 /* BaiSiBuDeJieUITests.m in Sources */ = {isa = PBXBuildFile; fileRef = B35624281C78237D00D4D8C7 /* BaiSiBuDeJieUITests.m */; };
		B3DE8E951CF1C38A00946405 /* JSCommentViewController.m in Sources */ = {isa = PBXBuildFile; fileRef = B3DE8E931CF1C38A00946405 /* JSCommentViewController.m */; };
		B3DE8E961CF1C38A00946405 /* JSCommentViewController.xib in Resources */ = {isa = PBXBuildFile; fileRef = B3DE8E941CF1C38A00946405 /* JSCommentViewController.xib */; };
/* End PBXBuildFile section */

/* Begin PBXContainerItemProxy section */
		B356241A1C78237D00D4D8C7 /* PBXContainerItemProxy */ = {
			isa = PBXContainerItemProxy;
			containerPortal = B35623F81C78237D00D4D8C7 /* Project object */;
			proxyType = 1;
			remoteGlobalIDString = B35623FF1C78237D00D4D8C7;
			remoteInfo = BaiSiBuDeJie;
		};
		B35624251C78237D00D4D8C7 /* PBXContainerItemProxy */ = {
			isa = PBXContainerItemProxy;
			containerPortal = B35623F81C78237D00D4D8C7 /* Project object */;
			proxyType = 1;
			remoteGlobalIDString = B35623FF1C78237D00D4D8C7;
			remoteInfo = BaiSiBuDeJie;
		};
/* End PBXContainerItemProxy section */

/* Begin PBXFileReference section */
		4E103009AD7820AC5A3120EA /* libPods-BaiSiBuDeJie.a */ = {isa = PBXFileReference; explicitFileType = archive.ar; includeInIndex = 0; path = "libPods-BaiSiBuDeJie.a"; sourceTree = BUILT_PRODUCTS_DIR; };
		B3094E1E1CDF2D48000876C7 /* JSTopicVoiceView.h */ = {isa = PBXFileReference; fileEncoding = 4; lastKnownFileType = sourcecode.c.h; path = JSTopicVoiceView.h; sourceTree = "<group>"; };
		B3094E1F1CDF2D48000876C7 /* JSTopicVoiceView.m */ = {isa = PBXFileReference; fileEncoding = 4; lastKnownFileType = sourcecode.c.objc; path = JSTopicVoiceView.m; sourceTree = "<group>"; };
		B3094E211CDF2D67000876C7 /* JSTopicVoiceView.xib */ = {isa = PBXFileReference; fileEncoding = 4; lastKnownFileType = file.xib; path = JSTopicVoiceView.xib; sourceTree = "<group>"; };
		B3094E231CDF5DB6000876C7 /* JSTopicVideoView.h */ = {isa = PBXFileReference; fileEncoding = 4; lastKnownFileType = sourcecode.c.h; path = JSTopicVideoView.h; sourceTree = "<group>"; };
		B3094E241CDF5DB6000876C7 /* JSTopicVideoView.m */ = {isa = PBXFileReference; fileEncoding = 4; lastKnownFileType = sourcecode.c.objc; path = JSTopicVideoView.m; sourceTree = "<group>"; };
		B3094E261CDF5E88000876C7 /* JSTopicVideoView.xib */ = {isa = PBXFileReference; fileEncoding = 4; lastKnownFileType = file.xib; path = JSTopicVideoView.xib; sourceTree = "<group>"; };
		B31FEDB11C7C59DE00AEB98E /* JSEssenceViewController.h */ = {isa = PBXFileReference; fileEncoding = 4; lastKnownFileType = sourcecode.c.h; path = JSEssenceViewController.h; sourceTree = "<group>"; };
		B31FEDB21C7C59DE00AEB98E /* JSEssenceViewController.m */ = {isa = PBXFileReference; fileEncoding = 4; lastKnownFileType = sourcecode.c.objc; path = JSEssenceViewController.m; sourceTree = "<group>"; };
		B31FEDB71C7C59DE00AEB98E /* JSFriendTrendsViewController.h */ = {isa = PBXFileReference; fileEncoding = 4; lastKnownFileType = sourcecode.c.h; path = JSFriendTrendsViewController.h; sourceTree = "<group>"; };
		B31FEDB81C7C59DE00AEB98E /* JSFriendTrendsViewController.m */ = {isa = PBXFileReference; fileEncoding = 4; lastKnownFileType = sourcecode.c.objc; path = JSFriendTrendsViewController.m; sourceTree = "<group>"; };
		B31FEDB91C7C59DE00AEB98E /* JSFriendTrendsViewController.xib */ = {isa = PBXFileReference; fileEncoding = 4; lastKnownFileType = file.xib; path = JSFriendTrendsViewController.xib; sourceTree = "<group>"; };
		B31FEDBE1C7C59DE00AEB98E /* JSMeViewController.h */ = {isa = PBXFileReference; fileEncoding = 4; lastKnownFileType = sourcecode.c.h; path = JSMeViewController.h; sourceTree = "<group>"; };
		B31FEDBF1C7C59DE00AEB98E /* JSMeViewController.m */ = {isa = PBXFileReference; fileEncoding = 4; lastKnownFileType = sourcecode.c.objc; path = JSMeViewController.m; sourceTree = "<group>"; };
		B31FEDC41C7C59DE00AEB98E /* JSNewViewController.h */ = {isa = PBXFileReference; fileEncoding = 4; lastKnownFileType = sourcecode.c.h; path = JSNewViewController.h; sourceTree = "<group>"; };
		B31FEDC51C7C59DE00AEB98E /* JSNewViewController.m */ = {isa = PBXFileReference; fileEncoding = 4; lastKnownFileType = sourcecode.c.objc; path = JSNewViewController.m; sourceTree = "<group>"; };
		B31FEDC91C7C59DE00AEB98E /* AppDelegate.h */ = {isa = PBXFileReference; fileEncoding = 4; lastKnownFileType = sourcecode.c.h; path = AppDelegate.h; sourceTree = "<group>"; };
		B31FEDCA1C7C59DE00AEB98E /* AppDelegate.m */ = {isa = PBXFileReference; fileEncoding = 4; lastKnownFileType = sourcecode.c.objc; path = AppDelegate.m; sourceTree = "<group>"; };
		B31FEDCC1C7C59DE00AEB98E /* UIBarButtonItem+JSExtension.h */ = {isa = PBXFileReference; fileEncoding = 4; lastKnownFileType = sourcecode.c.h; path = "UIBarButtonItem+JSExtension.h"; sourceTree = "<group>"; };
		B31FEDCD1C7C59DE00AEB98E /* UIBarButtonItem+JSExtension.m */ = {isa = PBXFileReference; fileEncoding = 4; lastKnownFileType = sourcecode.c.objc; path = "UIBarButtonItem+JSExtension.m"; sourceTree = "<group>"; };
		B31FEDCE1C7C59DE00AEB98E /* UIView+JSExtension.h */ = {isa = PBXFileReference; fileEncoding = 4; lastKnownFileType = sourcecode.c.h; path = "UIView+JSExtension.h"; sourceTree = "<group>"; };
		B31FEDCF1C7C59DE00AEB98E /* UIView+JSExtension.m */ = {isa = PBXFileReference; fileEncoding = 4; lastKnownFileType = sourcecode.c.objc; path = "UIView+JSExtension.m"; sourceTree = "<group>"; };
		B31FEDD01C7C59DE00AEB98E /* leoPch.pch */ = {isa = PBXFileReference; fileEncoding = 4; lastKnownFileType = sourcecode.c.h; path = leoPch.pch; sourceTree = "<group>"; };
		B31FEDF01C7C753200AEB98E /* JSRecommendViewController.h */ = {isa = PBXFileReference; fileEncoding = 4; lastKnownFileType = sourcecode.c.h; path = JSRecommendViewController.h; sourceTree = "<group>"; };
		B31FEDF11C7C753200AEB98E /* JSRecommendViewController.m */ = {isa = PBXFileReference; fileEncoding = 4; lastKnownFileType = sourcecode.c.objc; path = JSRecommendViewController.m; sourceTree = "<group>"; };
		B31FEDF21C7C753200AEB98E /* JSRecommendViewController.xib */ = {isa = PBXFileReference; fileEncoding = 4; lastKnownFileType = file.xib; path = JSRecommendViewController.xib; sourceTree = "<group>"; };
		B31FEDF91C7C824700AEB98E /* Log+Foundation.m */ = {isa = PBXFileReference; fileEncoding = 4; lastKnownFileType = sourcecode.c.objc; path = "Log+Foundation.m"; sourceTree = "<group>"; };
		B31FEDFB1C7C90A000AEB98E /* JSRecommendCategory.h */ = {isa = PBXFileReference; fileEncoding = 4; lastKnownFileType = sourcecode.c.h; path = JSRecommendCategory.h; sourceTree = "<group>"; };
		B31FEDFC1C7C90A000AEB98E /* JSRecommendCategory.m */ = {isa = PBXFileReference; fileEncoding = 4; lastKnownFileType = sourcecode.c.objc; path = JSRecommendCategory.m; sourceTree = "<group>"; };
		B31FEDFE1C7C92CC00AEB98E /* JSRecommendCategoryCell.h */ = {isa = PBXFileReference; fileEncoding = 4; lastKnownFileType = sourcecode.c.h; path = JSRecommendCategoryCell.h; sourceTree = "<group>"; };
		B31FEDFF1C7C92CC00AEB98E /* JSRecommendCategoryCell.m */ = {isa = PBXFileReference; fileEncoding = 4; lastKnownFileType = sourcecode.c.objc; path = JSRecommendCategoryCell.m; sourceTree = "<group>"; };
		B31FEE001C7C92CC00AEB98E /* JSRecommendCategoryCell.xib */ = {isa = PBXFileReference; fileEncoding = 4; lastKnownFileType = file.xib; path = JSRecommendCategoryCell.xib; sourceTree = "<group>"; };
		B31FEE031C7D8DE400AEB98E /* JSRecommendUserCell.h */ = {isa = PBXFileReference; fileEncoding = 4; lastKnownFileType = sourcecode.c.h; path = JSRecommendUserCell.h; sourceTree = "<group>"; };
		B31FEE041C7D8DE400AEB98E /* JSRecommendUserCell.m */ = {isa = PBXFileReference; fileEncoding = 4; lastKnownFileType = sourcecode.c.objc; path = JSRecommendUserCell.m; sourceTree = "<group>"; };
		B31FEE051C7D8DE400AEB98E /* JSRecommendUserCell.xib */ = {isa = PBXFileReference; fileEncoding = 4; lastKnownFileType = file.xib; path = JSRecommendUserCell.xib; sourceTree = "<group>"; };
		B31FEE081C7D94F200AEB98E /* JSRecommendUser.h */ = {isa = PBXFileReference; fileEncoding = 4; lastKnownFileType = sourcecode.c.h; path = JSRecommendUser.h; sourceTree = "<group>"; };
		B31FEE091C7D94F200AEB98E /* JSRecommendUser.m */ = {isa = PBXFileReference; fileEncoding = 4; lastKnownFileType = sourcecode.c.objc; path = JSRecommendUser.m; sourceTree = "<group>"; };
		B31FF03B1C87028F00AEB98E /* JSRecommendTagsViewController.h */ = {isa = PBXFileReference; fileEncoding = 4; lastKnownFileType = sourcecode.c.h; path = JSRecommendTagsViewController.h; sourceTree = "<group>"; };
		B31FF03C1C87028F00AEB98E /* JSRecommendTagsViewController.m */ = {isa = PBXFileReference; fileEncoding = 4; lastKnownFileType = sourcecode.c.objc; path = JSRecommendTagsViewController.m; sourceTree = "<group>"; };
		B31FF03E1C87047D00AEB98E /* JSRecommendTag.h */ = {isa = PBXFileReference; fileEncoding = 4; lastKnownFileType = sourcecode.c.h; path = JSRecommendTag.h; sourceTree = "<group>"; };
		B31FF03F1C87047D00AEB98E /* JSRecommendTag.m */ = {isa = PBXFileReference; fileEncoding = 4; lastKnownFileType = sourcecode.c.objc; path = JSRecommendTag.m; sourceTree = "<group>"; };
		B31FF0441C8705F700AEB98E /* JSRecommendTagCell.h */ = {isa = PBXFileReference; fileEncoding = 4; lastKnownFileType = sourcecode.c.h; path = JSRecommendTagCell.h; sourceTree = "<group>"; };
		B31FF0451C8705F700AEB98E /* JSRecommendTagCell.m */ = {isa = PBXFileReference; fileEncoding = 4; lastKnownFileType = sourcecode.c.objc; path = JSRecommendTagCell.m; sourceTree = "<group>"; };
		B31FF0461C8705F700AEB98E /* JSRecommendTagCell.xib */ = {isa = PBXFileReference; fileEncoding = 4; lastKnownFileType = file.xib; path = JSRecommendTagCell.xib; sourceTree = "<group>"; };
		B32E71F91CF2E2B600007EF0 /* JSCommentHeaderView.h */ = {isa = PBXFileReference; fileEncoding = 4; lastKnownFileType = sourcecode.c.h; path = JSCommentHeaderView.h; sourceTree = "<group>"; };
		B32E71FA1CF2E2B600007EF0 /* JSCommentHeaderView.m */ = {isa = PBXFileReference; fileEncoding = 4; lastKnownFileType = sourcecode.c.objc; path = JSCommentHeaderView.m; sourceTree = "<group>"; };
		B32E71FC1CF2F7FB00007EF0 /* JSCommentCell.h */ = {isa = PBXFileReference; fileEncoding = 4; lastKnownFileType = sourcecode.c.h; path = JSCommentCell.h; sourceTree = "<group>"; };
		B32E71FD1CF2F7FB00007EF0 /* JSCommentCell.m */ = {isa = PBXFileReference; fileEncoding = 4; lastKnownFileType = sourcecode.c.objc; path = JSCommentCell.m; sourceTree = "<group>"; };
		B32E71FE1CF2F7FB00007EF0 /* JSCommentCell.xib */ = {isa = PBXFileReference; fileEncoding = 4; lastKnownFileType = file.xib; path = JSCommentCell.xib; sourceTree = "<group>"; };
		B33411571C8D416000067002 /* JSLoginRegisterViewController.h */ = {isa = PBXFileReference; fileEncoding = 4; lastKnownFileType = sourcecode.c.h; path = JSLoginRegisterViewController.h; sourceTree = "<group>"; };
		B33411581C8D416000067002 /* JSLoginRegisterViewController.m */ = {isa = PBXFileReference; fileEncoding = 4; lastKnownFileType = sourcecode.c.objc; path = JSLoginRegisterViewController.m; sourceTree = "<group>"; };
		B33411591C8D416000067002 /* JSLoginRegisterViewController.xib */ = {isa = PBXFileReference; fileEncoding = 4; lastKnownFileType = file.xib; path = JSLoginRegisterViewController.xib; sourceTree = "<group>"; };
		B334115C1C8D904400067002 /* JSVerticalButton.h */ = {isa = PBXFileReference; fileEncoding = 4; lastKnownFileType = sourcecode.c.h; path = JSVerticalButton.h; sourceTree = "<group>"; };
		B334115D1C8D904400067002 /* JSVerticalButton.m */ = {isa = PBXFileReference; fileEncoding = 4; lastKnownFileType = sourcecode.c.objc; path = JSVerticalButton.m; sourceTree = "<group>"; };
		B334115F1C8D91F600067002 /* Assets.xcassets */ = {isa = PBXFileReference; lastKnownFileType = folder.assetcatalog; path = Assets.xcassets; sourceTree = "<group>"; };
		B33411611C8DA87900067002 /* JSTextField.h */ = {isa = PBXFileReference; fileEncoding = 4; lastKnownFileType = sourcecode.c.h; path = JSTextField.h; sourceTree = "<group>"; };
		B33411621C8DA87900067002 /* JSTextField.m */ = {isa = PBXFileReference; fileEncoding = 4; lastKnownFileType = sourcecode.c.objc; path = JSTextField.m; sourceTree = "<group>"; };
		B334117C1C911B1800067002 /* JSTopic.h */ = {isa = PBXFileReference; fileEncoding = 4; lastKnownFileType = sourcecode.c.h; path = JSTopic.h; sourceTree = "<group>"; };
		B334117D1C911B1800067002 /* JSTopic.m */ = {isa = PBXFileReference; fileEncoding = 4; lastKnownFileType = sourcecode.c.objc; path = JSTopic.m; sourceTree = "<group>"; };
		B334117F1C92E0EE00067002 /* JSConstant.h */ = {isa = PBXFileReference; fileEncoding = 4; lastKnownFileType = sourcecode.c.h; path = JSConstant.h; sourceTree = "<group>"; };
		B33411801C92E0EE00067002 /* JSConstant.m */ = {isa = PBXFileReference; fileEncoding = 4; lastKnownFileType = sourcecode.c.objc; path = JSConstant.m; sourceTree = "<group>"; };
		B33411851C92E5AE00067002 /* JSTopicCell.h */ = {isa = PBXFileReference; fileEncoding = 4; lastKnownFileType = sourcecode.c.h; path = JSTopicCell.h; sourceTree = "<group>"; };
		B33411861C92E5AE00067002 /* JSTopicCell.m */ = {isa = PBXFileReference; fileEncoding = 4; lastKnownFileType = sourcecode.c.objc; path = JSTopicCell.m; sourceTree = "<group>"; };
		B33411871C92E5AE00067002 /* JSTopicCell.xib */ = {isa = PBXFileReference; fileEncoding = 4; lastKnownFileType = file.xib; path = JSTopicCell.xib; sourceTree = "<group>"; };
		B334118A1C9415D900067002 /* NSDate+JSExtension.h */ = {isa = PBXFileReference; fileEncoding = 4; lastKnownFileType = sourcecode.c.h; path = "NSDate+JSExtension.h"; sourceTree = "<group>"; };
		B334118B1C9415D900067002 /* NSDate+JSExtension.m */ = {isa = PBXFileReference; fileEncoding = 4; lastKnownFileType = sourcecode.c.objc; path = "NSDate+JSExtension.m"; sourceTree = "<group>"; };
		B334118D1C950A7800067002 /* JSTopicViewController.h */ = {isa = PBXFileReference; fileEncoding = 4; lastKnownFileType = sourcecode.c.h; path = JSTopicViewController.h; sourceTree = "<group>"; };
		B334118E1C950A7800067002 /* JSTopicViewController.m */ = {isa = PBXFileReference; fileEncoding = 4; lastKnownFileType = sourcecode.c.objc; path = JSTopicViewController.m; sourceTree = "<group>"; };
		B33411901C965CF600067002 /* JSTopicPictureView.h */ = {isa = PBXFileReference; fileEncoding = 4; lastKnownFileType = sourcecode.c.h; path = JSTopicPictureView.h; sourceTree = "<group>"; };
		B33411911C965CF600067002 /* JSTopicPictureView.m */ = {isa = PBXFileReference; fileEncoding = 4; lastKnownFileType = sourcecode.c.objc; path = JSTopicPictureView.m; sourceTree = "<group>"; };
		B33411931C965D2300067002 /* JSTopicPictureView.xib */ = {isa = PBXFileReference; fileEncoding = 4; lastKnownFileType = file.xib; path = JSTopicPictureView.xib; sourceTree = "<group>"; };
		B33411951C9706C100067002 /* JSShowPictureViewController.h */ = {isa = PBXFileReference; fileEncoding = 4; lastKnownFileType = sourcecode.c.h; path = JSShowPictureViewController.h; sourceTree = "<group>"; };
		B33411961C9706C100067002 /* JSShowPictureViewController.m */ = {isa = PBXFileReference; fileEncoding = 4; lastKnownFileType = sourcecode.c.objc; path = JSShowPictureViewController.m; sourceTree = "<group>"; };
		B33411971C9706C100067002 /* JSShowPictureViewController.xib */ = {isa = PBXFileReference; fileEncoding = 4; lastKnownFileType = file.xib; path = JSShowPictureViewController.xib; sourceTree = "<group>"; };
		B334119A1C979C8200067002 /* JSProgressView.h */ = {isa = PBXFileReference; fileEncoding = 4; lastKnownFileType = sourcecode.c.h; path = JSProgressView.h; sourceTree = "<group>"; };
		B334119B1C979C8200067002 /* JSProgressView.m */ = {isa = PBXFileReference; fileEncoding = 4; lastKnownFileType = sourcecode.c.objc; path = JSProgressView.m; sourceTree = "<group>"; };
		B33411DC1C999B5500067002 /* JSTabBar.h */ = {isa = PBXFileReference; fileEncoding = 4; lastKnownFileType = sourcecode.c.h; path = JSTabBar.h; sourceTree = "<group>"; };
		B33411DD1C999B5500067002 /* JSTabBar.m */ = {isa = PBXFileReference; fileEncoding = 4; lastKnownFileType = sourcecode.c.objc; path = JSTabBar.m; sourceTree = "<group>"; };
		B33411DF1C999B7500067002 /* JSPushGuideView.h */ = {isa = PBXFileReference; fileEncoding = 4; lastKnownFileType = sourcecode.c.h; path = JSPushGuideView.h; sourceTree = "<group>"; };
		B33411E01C999B7500067002 /* JSPushGuideView.m */ = {isa = PBXFileReference; fileEncoding = 4; lastKnownFileType = sourcecode.c.objc; path = JSPushGuideView.m; sourceTree = "<group>"; };
		B33411E11C999B7500067002 /* JSPushGuideView.xib */ = {isa = PBXFileReference; fileEncoding = 4; lastKnownFileType = file.xib; path = JSPushGuideView.xib; sourceTree = "<group>"; };
		B33411E41C999BBA00067002 /* JSPublishView.h */ = {isa = PBXFileReference; fileEncoding = 4; lastKnownFileType = sourcecode.c.h; path = JSPublishView.h; sourceTree = "<group>"; };
		B33411E51C999BBA00067002 /* JSPublishView.m */ = {isa = PBXFileReference; fileEncoding = 4; lastKnownFileType = sourcecode.c.objc; path = JSPublishView.m; sourceTree = "<group>"; };
		B33411E61C999BBA00067002 /* JSPublishView.xib */ = {isa = PBXFileReference; fileEncoding = 4; lastKnownFileType = file.xib; path = JSPublishView.xib; sourceTree = "<group>"; };
		B33411E91C999CFF00067002 /* JSNavigationController.h */ = {isa = PBXFileReference; fileEncoding = 4; lastKnownFileType = sourcecode.c.h; path = JSNavigationController.h; sourceTree = "<group>"; };
		B33411EA1C999CFF00067002 /* JSNavigationController.m */ = {isa = PBXFileReference; fileEncoding = 4; lastKnownFileType = sourcecode.c.objc; path = JSNavigationController.m; sourceTree = "<group>"; };
		B33411EC1C999D1800067002 /* JSTabBarController.h */ = {isa = PBXFileReference; fileEncoding = 4; lastKnownFileType = sourcecode.c.h; path = JSTabBarController.h; sourceTree = "<group>"; };
		B33411ED1C999D1800067002 /* JSTabBarController.m */ = {isa = PBXFileReference; fileEncoding = 4; lastKnownFileType = sourcecode.c.objc; path = JSTabBarController.m; sourceTree = "<group>"; };
		B34DF43A1CDF783100F90919 /* JSUser.h */ = {isa = PBXFileReference; fileEncoding = 4; lastKnownFileType = sourcecode.c.h; path = JSUser.h; sourceTree = "<group>"; };
		B34DF43B1CDF783100F90919 /* JSUser.m */ = {isa = PBXFileReference; fileEncoding = 4; lastKnownFileType = sourcecode.c.objc; path = JSUser.m; sourceTree = "<group>"; };
		B34DF43D1CDF80F700F90919 /* JSComment.h */ = {isa = PBXFileReference; fileEncoding = 4; lastKnownFileType = sourcecode.c.h; path = JSComment.h; sourceTree = "<group>"; };
		B34DF43E1CDF80F700F90919 /* JSComment.m */ = {isa = PBXFileReference; fileEncoding = 4; lastKnownFileType = sourcecode.c.objc; path = JSComment.m; sourceTree = "<group>"; };
		B35624001C78237D00D4D8C7 /* BaiSiBuDeJie.app */ = {isa = PBXFileReference; explicitFileType = wrapper.application; includeInIndex = 0; path = BaiSiBuDeJie.app; sourceTree = BUILT_PRODUCTS_DIR; };
		B35624041C78237D00D4D8C7 /* main.m */ = {isa = PBXFileReference; lastKnownFileType = sourcecode.c.objc; path = main.m; sourceTree = "<group>"; };
		B35624141C78237D00D4D8C7 /* Info.plist */ = {isa = PBXFileReference; lastKnownFileType = text.plist.xml; path = Info.plist; sourceTree = "<group>"; };
		B35624191C78237D00D4D8C7 /* BaiSiBuDeJieTests.xctest */ = {isa = PBXFileReference; explicitFileType = wrapper.cfbundle; includeInIndex = 0; path = BaiSiBuDeJieTests.xctest; sourceTree = BUILT_PRODUCTS_DIR; };
		B356241D1C78237D00D4D8C7 /* BaiSiBuDeJieTests.m */ = {isa = PBXFileReference; lastKnownFileType = sourcecode.c.objc; path = BaiSiBuDeJieTests.m; sourceTree = "<group>"; };
		B356241F1C78237D00D4D8C7 /* Info.plist */ = {isa = PBXFileReference; lastKnownFileType = text.plist.xml; path = Info.plist; sourceTree = "<group>"; };
		B35624241C78237D00D4D8C7 /* BaiSiBuDeJieUITests.xctest */ = {isa = PBXFileReference; explicitFileType = wrapper.cfbundle; includeInIndex = 0; path = BaiSiBuDeJieUITests.xctest; sourceTree = BUILT_PRODUCTS_DIR; };
		B35624281C78237D00D4D8C7 /* BaiSiBuDeJieUITests.m */ = {isa = PBXFileReference; lastKnownFileType = sourcecode.c.objc; path = BaiSiBuDeJieUITests.m; sourceTree = "<group>"; };
		B356242A1C78237D00D4D8C7 /* Info.plist */ = {isa = PBXFileReference; lastKnownFileType = text.plist.xml; path = Info.plist; sourceTree = "<group>"; };
		B3DE8E921CF1C38A00946405 /* JSCommentViewController.h */ = {isa = PBXFileReference; fileEncoding = 4; lastKnownFileType = sourcecode.c.h; path = JSCommentViewController.h; sourceTree = "<group>"; };
		B3DE8E931CF1C38A00946405 /* JSCommentViewController.m */ = {isa = PBXFileReference; fileEncoding = 4; lastKnownFileType = sourcecode.c.objc; path = JSCommentViewController.m; sourceTree = "<group>"; };
		B3DE8E941CF1C38A00946405 /* JSCommentViewController.xib */ = {isa = PBXFileReference; fileEncoding = 4; lastKnownFileType = file.xib; path = JSCommentViewController.xib; sourceTree = "<group>"; };
		BF8FB0F75DE8322B2A8EE0F8 /* Pods-BaiSiBuDeJie.debug.xcconfig */ = {isa = PBXFileReference; includeInIndex = 1; lastKnownFileType = text.xcconfig; name = "Pods-BaiSiBuDeJie.debug.xcconfig"; path = "Pods/Target Support Files/Pods-BaiSiBuDeJie/Pods-BaiSiBuDeJie.debug.xcconfig"; sourceTree = "<group>"; };
		E56D6226B2826712761A54DE /* Pods-BaiSiBuDeJie.release.xcconfig */ = {isa = PBXFileReference; includeInIndex = 1; lastKnownFileType = text.xcconfig; name = "Pods-BaiSiBuDeJie.release.xcconfig"; path = "Pods/Target Support Files/Pods-BaiSiBuDeJie/Pods-BaiSiBuDeJie.release.xcconfig"; sourceTree = "<group>"; };
/* End PBXFileReference section */

/* Begin PBXFrameworksBuildPhase section */
		B35623FD1C78237D00D4D8C7 /* Frameworks */ = {
			isa = PBXFrameworksBuildPhase;
			buildActionMask = 2147483647;
			files = (
				502FD1A666E423236D86CC7A /* libPods-BaiSiBuDeJie.a in Frameworks */,
			);
			runOnlyForDeploymentPostprocessing = 0;
		};
		B35624161C78237D00D4D8C7 /* Frameworks */ = {
			isa = PBXFrameworksBuildPhase;
			buildActionMask = 2147483647;
			files = (
			);
			runOnlyForDeploymentPostprocessing = 0;
		};
		B35624211C78237D00D4D8C7 /* Frameworks */ = {
			isa = PBXFrameworksBuildPhase;
			buildActionMask = 2147483647;
			files = (
			);
			runOnlyForDeploymentPostprocessing = 0;
		};
/* End PBXFrameworksBuildPhase section */

/* Begin PBXGroup section */
		4E9800C0ED4DB1FCCD9C51B7 /* Frameworks */ = {
			isa = PBXGroup;
			children = (
				4E103009AD7820AC5A3120EA /* libPods-BaiSiBuDeJie.a */,
			);
			name = Frameworks;
			sourceTree = "<group>";
		};
		7DBC05ABAD5AE3FC7E15926F /* Pods */ = {
			isa = PBXGroup;
			children = (
				BF8FB0F75DE8322B2A8EE0F8 /* Pods-BaiSiBuDeJie.debug.xcconfig */,
				E56D6226B2826712761A54DE /* Pods-BaiSiBuDeJie.release.xcconfig */,
			);
			name = Pods;
			sourceTree = "<group>";
		};
		B31FEDAE1C7C59DE00AEB98E /* Classes */ = {
			isa = PBXGroup;
			children = (
				B31FEDAF1C7C59DE00AEB98E /* Essence */,
				B31FEDB51C7C59DE00AEB98E /* FriendTrends */,
				B31FEDBC1C7C59DE00AEB98E /* Me */,
				B31FEDC21C7C59DE00AEB98E /* New */,
				B31FEDC81C7C59DE00AEB98E /* Other */,
			);
			path = Classes;
			sourceTree = "<group>";
		};
		B31FEDAF1C7C59DE00AEB98E /* Essence */ = {
			isa = PBXGroup;
			children = (
				B31FEDB01C7C59DE00AEB98E /* Controller */,
				B31FEDB31C7C59DE00AEB98E /* Model */,
				B31FEDB41C7C59DE00AEB98E /* View */,
			);
			path = Essence;
			sourceTree = "<group>";
		};
		B31FEDB01C7C59DE00AEB98E /* Controller */ = {
			isa = PBXGroup;
			children = (
				B31FEDB11C7C59DE00AEB98E /* JSEssenceViewController.h */,
				B31FEDB21C7C59DE00AEB98E /* JSEssenceViewController.m */,
				B31FF03B1C87028F00AEB98E /* JSRecommendTagsViewController.h */,
				B31FF03C1C87028F00AEB98E /* JSRecommendTagsViewController.m */,
				B334118D1C950A7800067002 /* JSTopicViewController.h */,
				B334118E1C950A7800067002 /* JSTopicViewController.m */,
				B33411951C9706C100067002 /* JSShowPictureViewController.h */,
				B33411961C9706C100067002 /* JSShowPictureViewController.m */,
				B33411971C9706C100067002 /* JSShowPictureViewController.xib */,
				B3DE8E921CF1C38A00946405 /* JSCommentViewController.h */,
				B3DE8E931CF1C38A00946405 /* JSCommentViewController.m */,
				B3DE8E941CF1C38A00946405 /* JSCommentViewController.xib */,
			);
			path = Controller;
			sourceTree = "<group>";
		};
		B31FEDB31C7C59DE00AEB98E /* Model */ = {
			isa = PBXGroup;
			children = (
				B31FF03E1C87047D00AEB98E /* JSRecommendTag.h */,
				B31FF03F1C87047D00AEB98E /* JSRecommendTag.m */,
				B334117C1C911B1800067002 /* JSTopic.h */,
				B334117D1C911B1800067002 /* JSTopic.m */,
				B34DF43A1CDF783100F90919 /* JSUser.h */,
				B34DF43B1CDF783100F90919 /* JSUser.m */,
				B34DF43D1CDF80F700F90919 /* JSComment.h */,
				B34DF43E1CDF80F700F90919 /* JSComment.m */,
			);
			path = Model;
			sourceTree = "<group>";
		};
		B31FEDB41C7C59DE00AEB98E /* View */ = {
			isa = PBXGroup;
			children = (
				B31FF0441C8705F700AEB98E /* JSRecommendTagCell.h */,
				B31FF0451C8705F700AEB98E /* JSRecommendTagCell.m */,
				B31FF0461C8705F700AEB98E /* JSRecommendTagCell.xib */,
				B33411851C92E5AE00067002 /* JSTopicCell.h */,
				B33411861C92E5AE00067002 /* JSTopicCell.m */,
				B33411871C92E5AE00067002 /* JSTopicCell.xib */,
				B33411901C965CF600067002 /* JSTopicPictureView.h */,
				B33411911C965CF600067002 /* JSTopicPictureView.m */,
				B33411931C965D2300067002 /* JSTopicPictureView.xib */,
				B334119A1C979C8200067002 /* JSProgressView.h */,
				B334119B1C979C8200067002 /* JSProgressView.m */,
				B3094E1E1CDF2D48000876C7 /* JSTopicVoiceView.h */,
				B3094E1F1CDF2D48000876C7 /* JSTopicVoiceView.m */,
				B3094E211CDF2D67000876C7 /* JSTopicVoiceView.xib */,
				B3094E231CDF5DB6000876C7 /* JSTopicVideoView.h */,
				B3094E241CDF5DB6000876C7 /* JSTopicVideoView.m */,
				B3094E261CDF5E88000876C7 /* JSTopicVideoView.xib */,
				B32E71F91CF2E2B600007EF0 /* JSCommentHeaderView.h */,
				B32E71FA1CF2E2B600007EF0 /* JSCommentHeaderView.m */,
				B32E71FC1CF2F7FB00007EF0 /* JSCommentCell.h */,
				B32E71FD1CF2F7FB00007EF0 /* JSCommentCell.m */,
				B32E71FE1CF2F7FB00007EF0 /* JSCommentCell.xib */,
			);
			path = View;
			sourceTree = "<group>";
		};
		B31FEDB51C7C59DE00AEB98E /* FriendTrends */ = {
			isa = PBXGroup;
			children = (
				B31FEDB61C7C59DE00AEB98E /* Controller */,
				B31FEDBA1C7C59DE00AEB98E /* Model */,
				B31FEDBB1C7C59DE00AEB98E /* View */,
			);
			path = FriendTrends;
			sourceTree = "<group>";
		};
		B31FEDB61C7C59DE00AEB98E /* Controller */ = {
			isa = PBXGroup;
			children = (
				B31FEDB71C7C59DE00AEB98E /* JSFriendTrendsViewController.h */,
				B31FEDB81C7C59DE00AEB98E /* JSFriendTrendsViewController.m */,
				B31FEDB91C7C59DE00AEB98E /* JSFriendTrendsViewController.xib */,
				B31FEDF01C7C753200AEB98E /* JSRecommendViewController.h */,
				B31FEDF11C7C753200AEB98E /* JSRecommendViewController.m */,
				B31FEDF21C7C753200AEB98E /* JSRecommendViewController.xib */,
				B33411571C8D416000067002 /* JSLoginRegisterViewController.h */,
				B33411581C8D416000067002 /* JSLoginRegisterViewController.m */,
				B33411591C8D416000067002 /* JSLoginRegisterViewController.xib */,
			);
			path = Controller;
			sourceTree = "<group>";
		};
		B31FEDBA1C7C59DE00AEB98E /* Model */ = {
			isa = PBXGroup;
			children = (
				B31FEDFB1C7C90A000AEB98E /* JSRecommendCategory.h */,
				B31FEDFC1C7C90A000AEB98E /* JSRecommendCategory.m */,
				B31FEE081C7D94F200AEB98E /* JSRecommendUser.h */,
				B31FEE091C7D94F200AEB98E /* JSRecommendUser.m */,
			);
			path = Model;
			sourceTree = "<group>";
		};
		B31FEDBB1C7C59DE00AEB98E /* View */ = {
			isa = PBXGroup;
			children = (
				B31FEDFE1C7C92CC00AEB98E /* JSRecommendCategoryCell.h */,
				B31FEDFF1C7C92CC00AEB98E /* JSRecommendCategoryCell.m */,
				B31FEE001C7C92CC00AEB98E /* JSRecommendCategoryCell.xib */,
				B31FEE031C7D8DE400AEB98E /* JSRecommendUserCell.h */,
				B31FEE041C7D8DE400AEB98E /* JSRecommendUserCell.m */,
				B31FEE051C7D8DE400AEB98E /* JSRecommendUserCell.xib */,
				B334115C1C8D904400067002 /* JSVerticalButton.h */,
				B334115D1C8D904400067002 /* JSVerticalButton.m */,
				B33411611C8DA87900067002 /* JSTextField.h */,
				B33411621C8DA87900067002 /* JSTextField.m */,
			);
			path = View;
			sourceTree = "<group>";
		};
		B31FEDBC1C7C59DE00AEB98E /* Me */ = {
			isa = PBXGroup;
			children = (
				B31FEDBD1C7C59DE00AEB98E /* Controller */,
				B31FEDC01C7C59DE00AEB98E /* Model */,
				B31FEDC11C7C59DE00AEB98E /* View */,
			);
			path = Me;
			sourceTree = "<group>";
		};
		B31FEDBD1C7C59DE00AEB98E /* Controller */ = {
			isa = PBXGroup;
			children = (
				B31FEDBE1C7C59DE00AEB98E /* JSMeViewController.h */,
				B31FEDBF1C7C59DE00AEB98E /* JSMeViewController.m */,
			);
			path = Controller;
			sourceTree = "<group>";
		};
		B31FEDC01C7C59DE00AEB98E /* Model */ = {
			isa = PBXGroup;
			children = (
			);
			path = Model;
			sourceTree = "<group>";
		};
		B31FEDC11C7C59DE00AEB98E /* View */ = {
			isa = PBXGroup;
			children = (
			);
			path = View;
			sourceTree = "<group>";
		};
		B31FEDC21C7C59DE00AEB98E /* New */ = {
			isa = PBXGroup;
			children = (
				B31FEDC31C7C59DE00AEB98E /* Controller */,
				B31FEDC61C7C59DE00AEB98E /* Model */,
				B31FEDC71C7C59DE00AEB98E /* View */,
			);
			path = New;
			sourceTree = "<group>";
		};
		B31FEDC31C7C59DE00AEB98E /* Controller */ = {
			isa = PBXGroup;
			children = (
				B31FEDC41C7C59DE00AEB98E /* JSNewViewController.h */,
				B31FEDC51C7C59DE00AEB98E /* JSNewViewController.m */,
			);
			path = Controller;
			sourceTree = "<group>";
		};
		B31FEDC61C7C59DE00AEB98E /* Model */ = {
			isa = PBXGroup;
			children = (
			);
			path = Model;
			sourceTree = "<group>";
		};
		B31FEDC71C7C59DE00AEB98E /* View */ = {
			isa = PBXGroup;
			children = (
			);
			path = View;
			sourceTree = "<group>";
		};
		B31FEDC81C7C59DE00AEB98E /* Other */ = {
			isa = PBXGroup;
			children = (
				B33411D11C999A7400067002 /* Controller */,
				B33411DB1C999B1300067002 /* View */,
				B31FEDCB1C7C59DE00AEB98E /* Category */,
				B31FEDD11C7C59DE00AEB98E /* Lib */,
				B31FEDC91C7C59DE00AEB98E /* AppDelegate.h */,
				B31FEDCA1C7C59DE00AEB98E /* AppDelegate.m */,
				B31FEDD01C7C59DE00AEB98E /* leoPch.pch */,
				B31FEDF91C7C824700AEB98E /* Log+Foundation.m */,
				B334117F1C92E0EE00067002 /* JSConstant.h */,
				B33411801C92E0EE00067002 /* JSConstant.m */,
			);
			path = Other;
			sourceTree = "<group>";
		};
		B31FEDCB1C7C59DE00AEB98E /* Category */ = {
			isa = PBXGroup;
			children = (
				B31FEDCC1C7C59DE00AEB98E /* UIBarButtonItem+JSExtension.h */,
				B31FEDCD1C7C59DE00AEB98E /* UIBarButtonItem+JSExtension.m */,
				B31FEDCE1C7C59DE00AEB98E /* UIView+JSExtension.h */,
				B31FEDCF1C7C59DE00AEB98E /* UIView+JSExtension.m */,
				B334118A1C9415D900067002 /* NSDate+JSExtension.h */,
				B334118B1C9415D900067002 /* NSDate+JSExtension.m */,
			);
			path = Category;
			sourceTree = "<group>";
		};
		B31FEDD11C7C59DE00AEB98E /* Lib */ = {
			isa = PBXGroup;
			children = (
			);
			path = Lib;
			sourceTree = "<group>";
		};
		B33411D11C999A7400067002 /* Controller */ = {
			isa = PBXGroup;
			children = (
				B33411E91C999CFF00067002 /* JSNavigationController.h */,
				B33411EA1C999CFF00067002 /* JSNavigationController.m */,
				B33411EC1C999D1800067002 /* JSTabBarController.h */,
				B33411ED1C999D1800067002 /* JSTabBarController.m */,
				B33411E41C999BBA00067002 /* JSPublishView.h */,
				B33411E51C999BBA00067002 /* JSPublishView.m */,
				B33411E61C999BBA00067002 /* JSPublishView.xib */,
			);
			path = Controller;
			sourceTree = "<group>";
		};
		B33411DB1C999B1300067002 /* View */ = {
			isa = PBXGroup;
			children = (
				B33411DF1C999B7500067002 /* JSPushGuideView.h */,
				B33411E01C999B7500067002 /* JSPushGuideView.m */,
				B33411E11C999B7500067002 /* JSPushGuideView.xib */,
				B33411DC1C999B5500067002 /* JSTabBar.h */,
				B33411DD1C999B5500067002 /* JSTabBar.m */,
			);
			path = View;
			sourceTree = "<group>";
		};
		B35623F71C78237D00D4D8C7 = {
			isa = PBXGroup;
			children = (
				B35624021C78237D00D4D8C7 /* BaiSiBuDeJie */,
				B356241C1C78237D00D4D8C7 /* BaiSiBuDeJieTests */,
				B35624271C78237D00D4D8C7 /* BaiSiBuDeJieUITests */,
				B35624011C78237D00D4D8C7 /* Products */,
				7DBC05ABAD5AE3FC7E15926F /* Pods */,
				4E9800C0ED4DB1FCCD9C51B7 /* Frameworks */,
			);
			sourceTree = "<group>";
		};
		B35624011C78237D00D4D8C7 /* Products */ = {
			isa = PBXGroup;
			children = (
				B35624001C78237D00D4D8C7 /* BaiSiBuDeJie.app */,
				B35624191C78237D00D4D8C7 /* BaiSiBuDeJieTests.xctest */,
				B35624241C78237D00D4D8C7 /* BaiSiBuDeJieUITests.xctest */,
			);
			name = Products;
			sourceTree = "<group>";
		};
		B35624021C78237D00D4D8C7 /* BaiSiBuDeJie */ = {
			isa = PBXGroup;
			children = (
				B31FEDAE1C7C59DE00AEB98E /* Classes */,
				B35624031C78237D00D4D8C7 /* Supporting Files */,
			);
			path = BaiSiBuDeJie;
			sourceTree = "<group>";
		};
		B35624031C78237D00D4D8C7 /* Supporting Files */ = {
			isa = PBXGroup;
			children = (
				B334115F1C8D91F600067002 /* Assets.xcassets */,
				B35624141C78237D00D4D8C7 /* Info.plist */,
				B35624041C78237D00D4D8C7 /* main.m */,
			);
			name = "Supporting Files";
			sourceTree = "<group>";
		};
		B356241C1C78237D00D4D8C7 /* BaiSiBuDeJieTests */ = {
			isa = PBXGroup;
			children = (
				B356241D1C78237D00D4D8C7 /* BaiSiBuDeJieTests.m */,
				B356241F1C78237D00D4D8C7 /* Info.plist */,
			);
			path = BaiSiBuDeJieTests;
			sourceTree = "<group>";
		};
		B35624271C78237D00D4D8C7 /* BaiSiBuDeJieUITests */ = {
			isa = PBXGroup;
			children = (
				B35624281C78237D00D4D8C7 /* BaiSiBuDeJieUITests.m */,
				B356242A1C78237D00D4D8C7 /* Info.plist */,
			);
			path = BaiSiBuDeJieUITests;
			sourceTree = "<group>";
		};
/* End PBXGroup section */

/* Begin PBXNativeTarget section */
		B35623FF1C78237D00D4D8C7 /* BaiSiBuDeJie */ = {
			isa = PBXNativeTarget;
			buildConfigurationList = B356242D1C78237D00D4D8C7 /* Build configuration list for PBXNativeTarget "BaiSiBuDeJie" */;
			buildPhases = (
				BFEFDFD5447CF5C58435EEF9 /* Check Pods Manifest.lock */,
				B35623FC1C78237D00D4D8C7 /* Sources */,
				B35623FD1C78237D00D4D8C7 /* Frameworks */,
				B35623FE1C78237D00D4D8C7 /* Resources */,
				57EB832278C67AC3CA201A4A /* Embed Pods Frameworks */,
				4B45D364548D58169D610762 /* Copy Pods Resources */,
			);
			buildRules = (
			);
			dependencies = (
			);
			name = BaiSiBuDeJie;
			productName = BaiSiBuDeJie;
			productReference = B35624001C78237D00D4D8C7 /* BaiSiBuDeJie.app */;
			productType = "com.apple.product-type.application";
		};
		B35624181C78237D00D4D8C7 /* BaiSiBuDeJieTests */ = {
			isa = PBXNativeTarget;
			buildConfigurationList = B35624301C78237D00D4D8C7 /* Build configuration list for PBXNativeTarget "BaiSiBuDeJieTests" */;
			buildPhases = (
				B35624151C78237D00D4D8C7 /* Sources */,
				B35624161C78237D00D4D8C7 /* Frameworks */,
				B35624171C78237D00D4D8C7 /* Resources */,
			);
			buildRules = (
			);
			dependencies = (
				B356241B1C78237D00D4D8C7 /* PBXTargetDependency */,
			);
			name = BaiSiBuDeJieTests;
			productName = BaiSiBuDeJieTests;
			productReference = B35624191C78237D00D4D8C7 /* BaiSiBuDeJieTests.xctest */;
			productType = "com.apple.product-type.bundle.unit-test";
		};
		B35624231C78237D00D4D8C7 /* BaiSiBuDeJieUITests */ = {
			isa = PBXNativeTarget;
			buildConfigurationList = B35624331C78237D00D4D8C7 /* Build configuration list for PBXNativeTarget "BaiSiBuDeJieUITests" */;
			buildPhases = (
				B35624201C78237D00D4D8C7 /* Sources */,
				B35624211C78237D00D4D8C7 /* Frameworks */,
				B35624221C78237D00D4D8C7 /* Resources */,
			);
			buildRules = (
			);
			dependencies = (
				B35624261C78237D00D4D8C7 /* PBXTargetDependency */,
			);
			name = BaiSiBuDeJieUITests;
			productName = BaiSiBuDeJieUITests;
			productReference = B35624241C78237D00D4D8C7 /* BaiSiBuDeJieUITests.xctest */;
			productType = "com.apple.product-type.bundle.ui-testing";
		};
/* End PBXNativeTarget section */

/* Begin PBXProject section */
		B35623F81C78237D00D4D8C7 /* Project object */ = {
			isa = PBXProject;
			attributes = {
				CLASSPREFIX = JS;
				LastUpgradeCheck = 0720;
				ORGANIZATIONNAME = leo;
				TargetAttributes = {
					B35623FF1C78237D00D4D8C7 = {
						CreatedOnToolsVersion = 7.2.1;
						DevelopmentTeam = X2FMCX62V3;
					};
					B35624181C78237D00D4D8C7 = {
						CreatedOnToolsVersion = 7.2.1;
						TestTargetID = B35623FF1C78237D00D4D8C7;
					};
					B35624231C78237D00D4D8C7 = {
						CreatedOnToolsVersion = 7.2.1;
						TestTargetID = B35623FF1C78237D00D4D8C7;
					};
				};
			};
			buildConfigurationList = B35623FB1C78237D00D4D8C7 /* Build configuration list for PBXProject "BaiSiBuDeJie" */;
			compatibilityVersion = "Xcode 3.2";
			developmentRegion = English;
			hasScannedForEncodings = 0;
			knownRegions = (
				en,
				Base,
			);
			mainGroup = B35623F71C78237D00D4D8C7;
			productRefGroup = B35624011C78237D00D4D8C7 /* Products */;
			projectDirPath = "";
			projectRoot = "";
			targets = (
				B35623FF1C78237D00D4D8C7 /* BaiSiBuDeJie */,
				B35624181C78237D00D4D8C7 /* BaiSiBuDeJieTests */,
				B35624231C78237D00D4D8C7 /* BaiSiBuDeJieUITests */,
			);
		};
/* End PBXProject section */

/* Begin PBXResourcesBuildPhase section */
		B35623FE1C78237D00D4D8C7 /* Resources */ = {
			isa = PBXResourcesBuildPhase;
			buildActionMask = 2147483647;
			files = (
				B33411991C9706C100067002 /* JSShowPictureViewController.xib in Resources */,
				B3094E221CDF2D67000876C7 /* JSTopicVoiceView.xib in Resources */,
				B32E72001CF2F7FB00007EF0 /* JSCommentCell.xib in Resources */,
				B33411941C965D2300067002 /* JSTopicPictureView.xib in Resources */,
				B334115B1C8D416000067002 /* JSLoginRegisterViewController.xib in Resources */,
				B31FEDE21C7C59DE00AEB98E /* JSFriendTrendsViewController.xib in Resources */,
				B3094E271CDF5E88000876C7 /* JSTopicVideoView.xib in Resources */,
				B31FEE021C7C92CC00AEB98E /* JSRecommendCategoryCell.xib in Resources */,
				B31FEDF41C7C753200AEB98E /* JSRecommendViewController.xib in Resources */,
				B33411601C8D91F600067002 /* Assets.xcassets in Resources */,
				B33411E81C999BBA00067002 /* JSPublishView.xib in Resources */,
				B31FF0481C8705F700AEB98E /* JSRecommendTagCell.xib in Resources */,
				B3DE8E961CF1C38A00946405 /* JSCommentViewController.xib in Resources */,
				B33411891C92E5AE00067002 /* JSTopicCell.xib in Resources */,
				B31FEE071C7D8DE400AEB98E /* JSRecommendUserCell.xib in Resources */,
				B33411E31C999B7500067002 /* JSPushGuideView.xib in Resources */,
			);
			runOnlyForDeploymentPostprocessing = 0;
		};
		B35624171C78237D00D4D8C7 /* Resources */ = {
			isa = PBXResourcesBuildPhase;
			buildActionMask = 2147483647;
			files = (
			);
			runOnlyForDeploymentPostprocessing = 0;
		};
		B35624221C78237D00D4D8C7 /* Resources */ = {
			isa = PBXResourcesBuildPhase;
			buildActionMask = 2147483647;
			files = (
			);
			runOnlyForDeploymentPostprocessing = 0;
		};
/* End PBXResourcesBuildPhase section */

/* Begin PBXShellScriptBuildPhase section */
		4B45D364548D58169D610762 /* Copy Pods Resources */ = {
			isa = PBXShellScriptBuildPhase;
			buildActionMask = 2147483647;
			files = (
			);
			inputPaths = (
			);
			name = "Copy Pods Resources";
			outputPaths = (
			);
			runOnlyForDeploymentPostprocessing = 0;
			shellPath = /bin/sh;
			shellScript = "\"${SRCROOT}/Pods/Target Support Files/Pods-BaiSiBuDeJie/Pods-BaiSiBuDeJie-resources.sh\"\n";
			showEnvVarsInLog = 0;
		};
		57EB832278C67AC3CA201A4A /* Embed Pods Frameworks */ = {
			isa = PBXShellScriptBuildPhase;
			buildActionMask = 2147483647;
			files = (
			);
			inputPaths = (
			);
			name = "Embed Pods Frameworks";
			outputPaths = (
			);
			runOnlyForDeploymentPostprocessing = 0;
			shellPath = /bin/sh;
			shellScript = "\"${SRCROOT}/Pods/Target Support Files/Pods-BaiSiBuDeJie/Pods-BaiSiBuDeJie-frameworks.sh\"\n";
			showEnvVarsInLog = 0;
		};
		BFEFDFD5447CF5C58435EEF9 /* Check Pods Manifest.lock */ = {
			isa = PBXShellScriptBuildPhase;
			buildActionMask = 2147483647;
			files = (
			);
			inputPaths = (
			);
			name = "Check Pods Manifest.lock";
			outputPaths = (
			);
			runOnlyForDeploymentPostprocessing = 0;
			shellPath = /bin/sh;
			shellScript = "diff \"${PODS_ROOT}/../Podfile.lock\" \"${PODS_ROOT}/Manifest.lock\" > /dev/null\nif [[ $? != 0 ]] ; then\n    cat << EOM\nerror: The sandbox is not in sync with the Podfile.lock. Run 'pod install' or update your CocoaPods installation.\nEOM\n    exit 1\nfi\n";
			showEnvVarsInLog = 0;
		};
/* End PBXShellScriptBuildPhase section */

/* Begin PBXSourcesBuildPhase section */
		B35623FC1C78237D00D4D8C7 /* Sources */ = {
			isa = PBXSourcesBuildPhase;
			buildActionMask = 2147483647;
			files = (
				B31FEDE01C7C59DE00AEB98E /* JSEssenceViewController.m in Sources */,
				B334118C1C9415D900067002 /* NSDate+JSExtension.m in Sources */,
				B33411881C92E5AE00067002 /* JSTopicCell.m in Sources */,
				B31FEE011C7C92CC00AEB98E /* JSRecommendCategoryCell.m in Sources */,
				B3094E251CDF5DB6000876C7 /* JSTopicVideoView.m in Sources */,
				B334118F1C950A7800067002 /* JSTopicViewController.m in Sources */,
				B31FEDE41C7C59DE00AEB98E /* JSNewViewController.m in Sources */,
				B34DF43C1CDF783100F90919 /* JSUser.m in Sources */,
				B33411921C965CF600067002 /* JSTopicPictureView.m in Sources */,
				B31FEDE61C7C59DE00AEB98E /* UIBarButtonItem+JSExtension.m in Sources */,
				B31FEDF31C7C753200AEB98E /* JSRecommendViewController.m in Sources */,
				B33411E71C999BBA00067002 /* JSPublishView.m in Sources */,
				B31FEE061C7D8DE400AEB98E /* JSRecommendUserCell.m in Sources */,
				B31FEDE51C7C59DE00AEB98E /* AppDelegate.m in Sources */,
				B33411EE1C999D1800067002 /* JSTabBarController.m in Sources */,
				B31FEDE31C7C59DE00AEB98E /* JSMeViewController.m in Sources */,
				B33411DE1C999B5500067002 /* JSTabBar.m in Sources */,
				B31FEDFA1C7C824700AEB98E /* Log+Foundation.m in Sources */,
				B334115E1C8D904400067002 /* JSVerticalButton.m in Sources */,
				B3094E201CDF2D48000876C7 /* JSTopicVoiceView.m in Sources */,
				B32E71FB1CF2E2B600007EF0 /* JSCommentHeaderView.m in Sources */,
				B31FEE0A1C7D94F200AEB98E /* JSRecommendUser.m in Sources */,
				B33411631C8DA87900067002 /* JSTextField.m in Sources */,
				B33411E21C999B7500067002 /* JSPushGuideView.m in Sources */,
				B34DF43F1CDF80F700F90919 /* JSComment.m in Sources */,
				B31FEDE71C7C59DE00AEB98E /* UIView+JSExtension.m in Sources */,
				B32E71FF1CF2F7FB00007EF0 /* JSCommentCell.m in Sources */,
				B33411811C92E0EE00067002 /* JSConstant.m in Sources */,
				B31FEDFD1C7C90A000AEB98E /* JSRecommendCategory.m in Sources */,
				B31FF03D1C87028F00AEB98E /* JSRecommendTagsViewController.m in Sources */,
				B33411EB1C999CFF00067002 /* JSNavigationController.m in Sources */,
				B31FF0401C87047D00AEB98E /* JSRecommendTag.m in Sources */,
				B334119C1C979C8200067002 /* JSProgressView.m in Sources */,
				B3DE8E951CF1C38A00946405 /* JSCommentViewController.m in Sources */,
				B31FEDE11C7C59DE00AEB98E /* JSFriendTrendsViewController.m in Sources */,
				B33411981C9706C100067002 /* JSShowPictureViewController.m in Sources */,
				B35624051C78237D00D4D8C7 /* main.m in Sources */,
				B334117E1C911B1800067002 /* JSTopic.m in Sources */,
				B334115A1C8D416000067002 /* JSLoginRegisterViewController.m in Sources */,
				B31FF0471C8705F700AEB98E /* JSRecommendTagCell.m in Sources */,
			);
			runOnlyForDeploymentPostprocessing = 0;
		};
		B35624151C78237D00D4D8C7 /* Sources */ = {
			isa = PBXSourcesBuildPhase;
			buildActionMask = 2147483647;
			files = (
				B356241E1C78237D00D4D8C7 /* BaiSiBuDeJieTests.m in Sources */,
			);
			runOnlyForDeploymentPostprocessing = 0;
		};
		B35624201C78237D00D4D8C7 /* Sources */ = {
			isa = PBXSourcesBuildPhase;
			buildActionMask = 2147483647;
			files = (
				B35624291C78237D00D4D8C7 /* BaiSiBuDeJieUITests.m in Sources */,
			);
			runOnlyForDeploymentPostprocessing = 0;
		};
/* End PBXSourcesBuildPhase section */

/* Begin PBXTargetDependency section */
		B356241B1C78237D00D4D8C7 /* PBXTargetDependency */ = {
			isa = PBXTargetDependency;
			target = B35623FF1C78237D00D4D8C7 /* BaiSiBuDeJie */;
			targetProxy = B356241A1C78237D00D4D8C7 /* PBXContainerItemProxy */;
		};
		B35624261C78237D00D4D8C7 /* PBXTargetDependency */ = {
			isa = PBXTargetDependency;
			target = B35623FF1C78237D00D4D8C7 /* BaiSiBuDeJie */;
			targetProxy = B35624251C78237D00D4D8C7 /* PBXContainerItemProxy */;
		};
/* End PBXTargetDependency section */

/* Begin XCBuildConfiguration section */
		B356242B1C78237D00D4D8C7 /* Debug */ = {
			isa = XCBuildConfiguration;
			buildSettings = {
				ALWAYS_SEARCH_USER_PATHS = NO;
				CLANG_CXX_LANGUAGE_STANDARD = "gnu++0x";
				CLANG_CXX_LIBRARY = "libc++";
				CLANG_ENABLE_MODULES = YES;
				CLANG_ENABLE_OBJC_ARC = YES;
				CLANG_WARN_BOOL_CONVERSION = YES;
				CLANG_WARN_CONSTANT_CONVERSION = YES;
				CLANG_WARN_DIRECT_OBJC_ISA_USAGE = YES_ERROR;
				CLANG_WARN_EMPTY_BODY = YES;
				CLANG_WARN_ENUM_CONVERSION = YES;
				CLANG_WARN_INT_CONVERSION = YES;
				CLANG_WARN_OBJC_ROOT_CLASS = YES_ERROR;
				CLANG_WARN_UNREACHABLE_CODE = YES;
				CLANG_WARN__DUPLICATE_METHOD_MATCH = YES;
				"CODE_SIGN_IDENTITY[sdk=iphoneos*]" = "iPhone Developer";
				COPY_PHASE_STRIP = NO;
				DEBUG_INFORMATION_FORMAT = dwarf;
				ENABLE_STRICT_OBJC_MSGSEND = YES;
				ENABLE_TESTABILITY = YES;
				GCC_C_LANGUAGE_STANDARD = gnu99;
				GCC_DYNAMIC_NO_PIC = NO;
				GCC_NO_COMMON_BLOCKS = YES;
				GCC_OPTIMIZATION_LEVEL = 0;
				GCC_PREPROCESSOR_DEFINITIONS = (
					"DEBUG=1",
					"$(inherited)",
				);
				GCC_WARN_64_TO_32_BIT_CONVERSION = YES;
				GCC_WARN_ABOUT_RETURN_TYPE = YES_ERROR;
				GCC_WARN_UNDECLARED_SELECTOR = YES;
				GCC_WARN_UNINITIALIZED_AUTOS = YES_AGGRESSIVE;
				GCC_WARN_UNUSED_FUNCTION = YES;
				GCC_WARN_UNUSED_VARIABLE = YES;
				IPHONEOS_DEPLOYMENT_TARGET = 9.2;
				MTL_ENABLE_DEBUG_INFO = YES;
				ONLY_ACTIVE_ARCH = YES;
				SDKROOT = iphoneos;
			};
			name = Debug;
		};
		B356242C1C78237D00D4D8C7 /* Release */ = {
			isa = XCBuildConfiguration;
			buildSettings = {
				ALWAYS_SEARCH_USER_PATHS = NO;
				CLANG_CXX_LANGUAGE_STANDARD = "gnu++0x";
				CLANG_CXX_LIBRARY = "libc++";
				CLANG_ENABLE_MODULES = YES;
				CLANG_ENABLE_OBJC_ARC = YES;
				CLANG_WARN_BOOL_CONVERSION = YES;
				CLANG_WARN_CONSTANT_CONVERSION = YES;
				CLANG_WARN_DIRECT_OBJC_ISA_USAGE = YES_ERROR;
				CLANG_WARN_EMPTY_BODY = YES;
				CLANG_WARN_ENUM_CONVERSION = YES;
				CLANG_WARN_INT_CONVERSION = YES;
				CLANG_WARN_OBJC_ROOT_CLASS = YES_ERROR;
				CLANG_WARN_UNREACHABLE_CODE = YES;
				CLANG_WARN__DUPLICATE_METHOD_MATCH = YES;
				"CODE_SIGN_IDENTITY[sdk=iphoneos*]" = "iPhone Developer";
				COPY_PHASE_STRIP = NO;
				DEBUG_INFORMATION_FORMAT = "dwarf-with-dsym";
				ENABLE_NS_ASSERTIONS = NO;
				ENABLE_STRICT_OBJC_MSGSEND = YES;
				GCC_C_LANGUAGE_STANDARD = gnu99;
				GCC_NO_COMMON_BLOCKS = YES;
				GCC_WARN_64_TO_32_BIT_CONVERSION = YES;
				GCC_WARN_ABOUT_RETURN_TYPE = YES_ERROR;
				GCC_WARN_UNDECLARED_SELECTOR = YES;
				GCC_WARN_UNINITIALIZED_AUTOS = YES_AGGRESSIVE;
				GCC_WARN_UNUSED_FUNCTION = YES;
				GCC_WARN_UNUSED_VARIABLE = YES;
				IPHONEOS_DEPLOYMENT_TARGET = 9.2;
				MTL_ENABLE_DEBUG_INFO = NO;
				SDKROOT = iphoneos;
				VALIDATE_PRODUCT = YES;
			};
			name = Release;
		};
		B356242E1C78237D00D4D8C7 /* Debug */ = {
			isa = XCBuildConfiguration;
			baseConfigurationReference = BF8FB0F75DE8322B2A8EE0F8 /* Pods-BaiSiBuDeJie.debug.xcconfig */;
			buildSettings = {
				ASSETCATALOG_COMPILER_APPICON_NAME = AppIcon;
				ASSETCATALOG_COMPILER_LAUNCHIMAGE_NAME = "Brand Assets";
				CODE_SIGN_IDENTITY = "iPhone Developer";
				"CODE_SIGN_IDENTITY[sdk=iphoneos*]" = "iPhone Developer";
				GCC_PREFIX_HEADER = "$(SRCROOT)/BaiSiBuDeJie/Classes/Other/leoPch.pch";
				INFOPLIST_FILE = BaiSiBuDeJie/Info.plist;
				IPHONEOS_DEPLOYMENT_TARGET = 8.0;
				LD_RUNPATH_SEARCH_PATHS = "$(inherited) @executable_path/Frameworks";
				PRODUCT_BUNDLE_IDENTIFIER = com.leo.BaiSiBuDeJie;
				PRODUCT_NAME = "$(TARGET_NAME)";
				PROVISIONING_PROFILE = "";
			};
			name = Debug;
		};
		B356242F1C78237D00D4D8C7 /* Release */ = {
			isa = XCBuildConfiguration;
			baseConfigurationReference = E56D6226B2826712761A54DE /* Pods-BaiSiBuDeJie.release.xcconfig */;
			buildSettings = {
				ASSETCATALOG_COMPILER_APPICON_NAME = AppIcon;
				ASSETCATALOG_COMPILER_LAUNCHIMAGE_NAME = "Brand Assets";
				CODE_SIGN_IDENTITY = "iPhone Developer";
				"CODE_SIGN_IDENTITY[sdk=iphoneos*]" = "iPhone Developer";
				GCC_PREFIX_HEADER = "$(SRCROOT)/BaiSiBuDeJie/Classes/Other/leoPch.pch";
				INFOPLIST_FILE = BaiSiBuDeJie/Info.plist;
				IPHONEOS_DEPLOYMENT_TARGET = 8.0;
				LD_RUNPATH_SEARCH_PATHS = "$(inherited) @executable_path/Frameworks";
				PRODUCT_BUNDLE_IDENTIFIER = com.leo.BaiSiBuDeJie;
				PRODUCT_NAME = "$(TARGET_NAME)";
				PROVISIONING_PROFILE = "";
			};
			name = Release;
		};
		B35624311C78237D00D4D8C7 /* Debug */ = {
			isa = XCBuildConfiguration;
			buildSettings = {
				BUNDLE_LOADER = "$(TEST_HOST)";
				INFOPLIST_FILE = BaiSiBuDeJieTests/Info.plist;
				LD_RUNPATH_SEARCH_PATHS = "$(inherited) @executable_path/Frameworks @loader_path/Frameworks";
				PRODUCT_BUNDLE_IDENTIFIER = com.leo.BaiSiBuDeJieTests;
				PRODUCT_NAME = "$(TARGET_NAME)";
				TEST_HOST = "$(BUILT_PRODUCTS_DIR)/BaiSiBuDeJie.app/BaiSiBuDeJie";
			};
			name = Debug;
		};
		B35624321C78237D00D4D8C7 /* Release */ = {
			isa = XCBuildConfiguration;
			buildSettings = {
				BUNDLE_LOADER = "$(TEST_HOST)";
				INFOPLIST_FILE = BaiSiBuDeJieTests/Info.plist;
				LD_RUNPATH_SEARCH_PATHS = "$(inherited) @executable_path/Frameworks @loader_path/Frameworks";
				PRODUCT_BUNDLE_IDENTIFIER = com.leo.BaiSiBuDeJieTests;
				PRODUCT_NAME = "$(TARGET_NAME)";
				TEST_HOST = "$(BUILT_PRODUCTS_DIR)/BaiSiBuDeJie.app/BaiSiBuDeJie";
			};
			name = Release;
		};
		B35624341C78237D00D4D8C7 /* Debug */ = {
			isa = XCBuildConfiguration;
			buildSettings = {
				INFOPLIST_FILE = BaiSiBuDeJieUITests/Info.plist;
				LD_RUNPATH_SEARCH_PATHS = "$(inherited) @executable_path/Frameworks @loader_path/Frameworks";
				PRODUCT_BUNDLE_IDENTIFIER = com.leo.BaiSiBuDeJieUITests;
				PRODUCT_NAME = "$(TARGET_NAME)";
				TEST_TARGET_NAME = BaiSiBuDeJie;
				USES_XCTRUNNER = YES;
			};
			name = Debug;
		};
		B35624351C78237D00D4D8C7 /* Release */ = {
			isa = XCBuildConfiguration;
			buildSettings = {
				INFOPLIST_FILE = BaiSiBuDeJieUITests/Info.plist;
				LD_RUNPATH_SEARCH_PATHS = "$(inherited) @executable_path/Frameworks @loader_path/Frameworks";
				PRODUCT_BUNDLE_IDENTIFIER = com.leo.BaiSiBuDeJieUITests;
				PRODUCT_NAME = "$(TARGET_NAME)";
				TEST_TARGET_NAME = BaiSiBuDeJie;
				USES_XCTRUNNER = YES;
			};
			name = Release;
		};
/* End XCBuildConfiguration section */

/* Begin XCConfigurationList section */
		B35623FB1C78237D00D4D8C7 /* Build configuration list for PBXProject "BaiSiBuDeJie" */ = {
			isa = XCConfigurationList;
			buildConfigurations = (
				B356242B1C78237D00D4D8C7 /* Debug */,
				B356242C1C78237D00D4D8C7 /* Release */,
			);
			defaultConfigurationIsVisible = 0;
			defaultConfigurationName = Release;
		};
		B356242D1C78237D00D4D8C7 /* Build configuration list for PBXNativeTarget "BaiSiBuDeJie" */ = {
			isa = XCConfigurationList;
			buildConfigurations = (
				B356242E1C78237D00D4D8C7 /* Debug */,
				B356242F1C78237D00D4D8C7 /* Release */,
			);
			defaultConfigurationIsVisible = 0;
			defaultConfigurationName = Release;
		};
		B35624301C78237D00D4D8C7 /* Build configuration list for PBXNativeTarget "BaiSiBuDeJieTests" */ = {
			isa = XCConfigurationList;
			buildConfigurations = (
				B35624311C78237D00D4D8C7 /* Debug */,
				B35624321C78237D00D4D8C7 /* Release */,
			);
			defaultConfigurationIsVisible = 0;
			defaultConfigurationName = Release;
		};
		B35624331C78237D00D4D8C7 /* Build configuration list for PBXNativeTarget "BaiSiBuDeJieUITests" */ = {
			isa = XCConfigurationList;
			buildConfigurations = (
				B35624341C78237D00D4D8C7 /* Debug */,
				B35624351C78237D00D4D8C7 /* Release */,
			);
			defaultConfigurationIsVisible = 0;
			defaultConfigurationName = Release;
		};
/* End XCConfigurationList section */
	};
	rootObject = B35623F81C78237D00D4D8C7 /* Project object */;
}
